{
  "name": "ICS",
  "lockfileVersion": 2,
  "requires": true,
  "packages": {
    "": {
      "dependencies": {
        "ckeditor4-angular": "^2.2.2"
      }
    },
    "node_modules/@angular/common": {
      "version": "13.0.0",
      "resolved": "https://registry.npmjs.org/@angular/common/-/common-13.0.0.tgz",
      "integrity": "sha512-7KNu6fcNeX71nrOAs29T/PGdO0fAHaX0mtmobIBeIwMF9qY1fqc7a1Rssp6/dUe9XlADf2sXVtx5ZQ8c6bAMsA==",
      "peer": true,
      "dependencies": {
        "tslib": "^2.3.0"
      },
      "engines": {
        "node": "^12.20.0 || ^14.15.0 || >=16.10.0"
      },
      "peerDependencies": {
        "@angular/core": "13.0.0",
        "rxjs": "^6.5.3 || ^7.4.0"
      }
    },
    "node_modules/@angular/core": {
      "version": "13.0.0",
      "resolved": "https://registry.npmjs.org/@angular/core/-/core-13.0.0.tgz",
      "integrity": "sha512-OU7VDJR4pN0yUUbhlLiHgkTK8kcJFccHMBEtx3TKenBMkFU3CRynSzz67M4zBmXHR15729/UloL/8xuvxKQsGQ==",
      "peer": true,
      "dependencies": {
        "tslib": "^2.3.0"
      },
      "engines": {
        "node": "^12.20.0 || ^14.15.0 || >=16.10.0"
      },
      "peerDependencies": {
        "rxjs": "^6.5.3 || ^7.4.0",
        "zone.js": "~0.11.4"
      }
    },
    "node_modules/@angular/forms": {
      "version": "13.0.0",
      "resolved": "https://registry.npmjs.org/@angular/forms/-/forms-13.0.0.tgz",
      "integrity": "sha512-F2XO1vOzIgGj0OfSLJHPzKcVTKmyttlBWBxIuRoVw3yxdGPKa83ka6B+/+byEE6SY0EvIRt3uJKTqS6iA9/ZxA==",
      "peer": true,
      "dependencies": {
        "tslib": "^2.3.0"
      },
      "engines": {
        "node": "^12.20.0 || ^14.15.0 || >=16.10.0"
      },
      "peerDependencies": {
        "@angular/common": "13.0.0",
        "@angular/core": "13.0.0",
        "@angular/platform-browser": "13.0.0",
        "rxjs": "^6.5.3 || ^7.4.0"
      }
    },
    "node_modules/@angular/platform-browser": {
      "version": "13.0.0",
      "resolved": "https://registry.npmjs.org/@angular/platform-browser/-/platform-browser-13.0.0.tgz",
      "integrity": "sha512-3svk0R9UVDL0600Lf5sfFKcOrduKU17UIqrXm+iN0EBGCGostKfQb+GCFPJVZ0wUFJuXyHGovESIJX85uGhpHA==",
      "peer": true,
      "dependencies": {
        "tslib": "^2.3.0"
      },
      "engines": {
        "node": "^12.20.0 || ^14.15.0 || >=16.10.0"
      },
      "peerDependencies": {
        "@angular/animations": "13.0.0",
        "@angular/common": "13.0.0",
        "@angular/core": "13.0.0"
      },
      "peerDependenciesMeta": {
        "@angular/animations": {
          "optional": true
        }
      }
    },
    "node_modules/ckeditor4-angular": {
      "version": "2.2.2",
      "resolved": "https://registry.npmjs.org/ckeditor4-angular/-/ckeditor4-angular-2.2.2.tgz",
      "integrity": "sha512-myTTh3JGknHfylBfxaqU5ZjEmQVGtj5C6bcvFrhBBQ1MwTlQIO2zHrtYbNc4wudkjVfizDh3jk6DioBLlaISpw==",
      "dependencies": {
        "ckeditor4-integrations-common": "^1.0.0",
        "tslib": "^2.0.0"
      },
      "peerDependencies": {
        "@angular/common": ">=5.0.0",
        "@angular/core": ">=5.0.0",
        "@angular/forms": ">=5.0.0"
      }
    },
    "node_modules/ckeditor4-integrations-common": {
      "version": "1.0.0",
      "resolved": "https://registry.npmjs.org/ckeditor4-integrations-common/-/ckeditor4-integrations-common-1.0.0.tgz",
      "integrity": "sha512-OAoQT/gYrHkg0qgzf6MS/rndYhq3SScLVQ3rtXQeuCE8ju7nFHg3qZ7WGA2XpFxcZzsMP6hhugXqdel5vbcC3g=="
    },
    "node_modules/rxjs": {
      "version": "7.4.0",
      "resolved": "https://registry.npmjs.org/rxjs/-/rxjs-7.4.0.tgz",
      "integrity": "sha512-7SQDi7xeTMCJpqViXh8gL/lebcwlp3d831F05+9B44A4B0WfsEwUQHR64gsH1kvJ+Ep/J9K2+n1hVl1CsGN23w==",
      "peer": true,
      "dependencies": {
        "tslib": "~2.1.0"
      }
    },
    "node_modules/rxjs/node_modules/tslib": {
      "version": "2.1.0",
      "resolved": "https://registry.npmjs.org/tslib/-/tslib-2.1.0.tgz",
      "integrity": "sha512-hcVC3wYEziELGGmEEXue7D75zbwIIVUMWAVbHItGPx0ziyXxrOMQx4rQEVEV45Ut/1IotuEvwqPopzIOkDMf0A==",
      "peer": true
    },
    "node_modules/tslib": {
      "version": "2.3.1",
      "resolved": "https://registry.npmjs.org/tslib/-/tslib-2.3.1.tgz",
      "integrity": "sha512-77EbyPPpMz+FRFRuAFlWMtmgUWGe9UOG2Z25NqCwiIjRhOf5iKGuzSe5P2w1laq+FkRy4p+PCuVkJSGkzTEKVw=="
    },
    "node_modules/zone.js": {
      "version": "0.11.4",
      "resolved": "https://registry.npmjs.org/zone.js/-/zone.js-0.11.4.tgz",
      "integrity": "sha512-DDh2Ab+A/B+9mJyajPjHFPWfYU1H+pdun4wnnk0OcQTNjem1XQSZ2CDW+rfZEUDjv5M19SBqAkjZi0x5wuB5Qw==",
      "peer": true,
      "dependencies": {
        "tslib": "^2.0.0"
      }
    }
  },
  "dependencies": {
    "@angular/common": {
      "version": "13.0.0",
      "resolved": "https://registry.npmjs.org/@angular/common/-/common-13.0.0.tgz",
      "integrity": "sha512-7KNu6fcNeX71nrOAs29T/PGdO0fAHaX0mtmobIBeIwMF9qY1fqc7a1Rssp6/dUe9XlADf2sXVtx5ZQ8c6bAMsA==",
      "peer": true,
      "requires": {
        "tslib": "^2.3.0"
      }
    },
    "@angular/core": {
      "version": "13.0.0",
      "resolved": "https://registry.npmjs.org/@angular/core/-/core-13.0.0.tgz",
      "integrity": "sha512-OU7VDJR4pN0yUUbhlLiHgkTK8kcJFccHMBEtx3TKenBMkFU3CRynSzz67M4zBmXHR15729/UloL/8xuvxKQsGQ==",
      "peer": true,
      "requires": {
        "tslib": "^2.3.0"
      }
    },
    "@angular/forms": {
      "version": "13.0.0",
      "resolved": "https://registry.npmjs.org/@angular/forms/-/forms-13.0.0.tgz",
      "integrity": "sha512-F2XO1vOzIgGj0OfSLJHPzKcVTKmyttlBWBxIuRoVw3yxdGPKa83ka6B+/+byEE6SY0EvIRt3uJKTqS6iA9/ZxA==",
      "peer": true,
      "requires": {
        "tslib": "^2.3.0"
      }
    },
    "@angular/platform-browser": {
      "version": "13.0.0",
      "resolved": "https://registry.npmjs.org/@angular/platform-browser/-/platform-browser-13.0.0.tgz",
      "integrity": "sha512-3svk0R9UVDL0600Lf5sfFKcOrduKU17UIqrXm+iN0EBGCGostKfQb+GCFPJVZ0wUFJuXyHGovESIJX85uGhpHA==",
      "peer": true,
      "requires": {
        "tslib": "^2.3.0"
      }
    },
    "ckeditor4-angular": {
      "version": "2.2.2",
      "resolved": "https://registry.npmjs.org/ckeditor4-angular/-/ckeditor4-angular-2.2.2.tgz",
      "integrity": "sha512-myTTh3JGknHfylBfxaqU5ZjEmQVGtj5C6bcvFrhBBQ1MwTlQIO2zHrtYbNc4wudkjVfizDh3jk6DioBLlaISpw==",
      "requires": {
        "ckeditor4-integrations-common": "^1.0.0",
        "tslib": "^2.0.0"
      }
    },
    "ckeditor4-integrations-common": {
      "version": "1.0.0",
      "resolved": "https://registry.npmjs.org/ckeditor4-integrations-common/-/ckeditor4-integrations-common-1.0.0.tgz",
      "integrity": "sha512-OAoQT/gYrHkg0qgzf6MS/rndYhq3SScLVQ3rtXQeuCE8ju7nFHg3qZ7WGA2XpFxcZzsMP6hhugXqdel5vbcC3g=="
    },
    "rxjs": {
      "version": "7.4.0",
      "resolved": "https://registry.npmjs.org/rxjs/-/rxjs-7.4.0.tgz",
      "integrity": "sha512-7SQDi7xeTMCJpqViXh8gL/lebcwlp3d831F05+9B44A4B0WfsEwUQHR64gsH1kvJ+Ep/J9K2+n1hVl1CsGN23w==",
      "peer": true,
      "requires": {
        "tslib": "~2.1.0"
      },
      "dependencies": {
        "tslib": {
          "version": "2.1.0",
          "resolved": "https://registry.npmjs.org/tslib/-/tslib-2.1.0.tgz",
          "integrity": "sha512-hcVC3wYEziELGGmEEXue7D75zbwIIVUMWAVbHItGPx0ziyXxrOMQx4rQEVEV45Ut/1IotuEvwqPopzIOkDMf0A==",
          "peer": true
        }
      }
    },
    "tslib": {
      "version": "2.3.1",
      "resolved": "https://registry.npmjs.org/tslib/-/tslib-2.3.1.tgz",
      "integrity": "sha512-77EbyPPpMz+FRFRuAFlWMtmgUWGe9UOG2Z25NqCwiIjRhOf5iKGuzSe5P2w1laq+FkRy4p+PCuVkJSGkzTEKVw=="
    },
    "zone.js": {
      "version": "0.11.4",
      "resolved": "https://registry.npmjs.org/zone.js/-/zone.js-0.11.4.tgz",
      "integrity": "sha512-DDh2Ab+A/B+9mJyajPjHFPWfYU1H+pdun4wnnk0OcQTNjem1XQSZ2CDW+rfZEUDjv5M19SBqAkjZi0x5wuB5Qw==",
      "peer": true,
      "requires": {
        "tslib": "^2.0.0"
      }
    }
  }
}
